
Microsoft Visual Studio Solution File, Format Version 12.00
# Visual Studio Version 16
VisualStudioVersion = 16.0.33027.164
MinimumVisualStudioVersion = 10.0.40219.1
Project("{FAE04EC0-301F-11D3-BF4B-00C04F79EFBC}") = "RangersoftheWilderness.net", "RangersoftheWilderness.net\RangersoftheWilderness.net.csproj", "{36A12534-474A-49CD-981B-82884C52BFE3}"
EndProject
Global
	GlobalSection(SolutionConfigurationPlatforms) = preSolution
		Debug|Any CPU = Debug|Any CPU
		Release|Any CPU = Release|Any CPU
	EndGlobalSection
	GlobalSection(ProjectConfigurationPlatforms) = postSolution
		{36A12534-474A-49CD-981B-82884C52BFE3}.Debug|Any CPU.ActiveCfg = Debug|Any CPU
		{36A12534-474A-49CD-981B-82884C52BFE3}.Debug|Any CPU.Build.0 = Debug|Any CPU
		{36A12534-474A-49CD-981B-82884C52BFE3}.Release|Any CPU.ActiveCfg = Release|Any CPU
		{36A12534-474A-49CD-981B-82884C52BFE3}.Release|Any CPU.Build.0 = Release|Any CPU
	EndGlobalSection
	GlobalSection(SolutionProperties) = preSolution
		HideSolutionNode = FALSE
	EndGlobalSection
	GlobalSection(ExtensibilityGlobals) = postSolution
		SolutionGuid = {D3C11987-6400-4AF1-B768-AA54B5BEDA78}
	EndGlobalSection
EndGlobal
